
Microsoft Visual Studio Solution File, Format Version 12.00
# Visual Studio Version 16
VisualStudioVersion = 16.0.30413.136
MinimumVisualStudioVersion = 10.0.40219.1
Project("{FAE04EC0-301F-11D3-BF4B-00C04F79EFBC}") = "VidlyWebMvc", "VidlyWebMvc\VidlyWebMvc.csproj", "{1927990A-5BEA-44D8-BD41-BB81CEE5310A}"
EndProject
Global
	GlobalSection(SolutionConfigurationPlatforms) = preSolution
		Debug|Any CPU = Debug|Any CPU
		Release|Any CPU = Release|Any CPU
	EndGlobalSection
	GlobalSection(ProjectConfigurationPlatforms) = postSolution
		{1927990A-5BEA-44D8-BD41-BB81CEE5310A}.Debug|Any CPU.ActiveCfg = Debug|Any CPU
		{1927990A-5BEA-44D8-BD41-BB81CEE5310A}.Debug|Any CPU.Build.0 = Debug|Any CPU
		{1927990A-5BEA-44D8-BD41-BB81CEE5310A}.Release|Any CPU.ActiveCfg = Release|Any CPU
		{1927990A-5BEA-44D8-BD41-BB81CEE5310A}.Release|Any CPU.Build.0 = Release|Any CPU
	EndGlobalSection
	GlobalSection(SolutionProperties) = preSolution
		HideSolutionNode = FALSE
	EndGlobalSection
	GlobalSection(ExtensibilityGlobals) = postSolution
		SolutionGuid = {BB66BD06-8ED5-4384-BB7E-7D2F5503E98B}
	EndGlobalSection
EndGlobal
